// !$*UTF8*$!
{
	archiveVersion = 1;
	classes = {
	};
	objectVersion = 48;
	objects = {

/* Begin PBXBuildFile section */
		703B7BA41FFFD71C0015F78C /* Constant.swift in Sources */ = {isa = PBXBuildFile; fileRef = 703B7BA31FFFD71C0015F78C /* Constant.swift */; };
		7065309D1FFF44D700450DF8 /* Assets.xcassets in Resources */ = {isa = PBXBuildFile; fileRef = 706530981FFF44D700450DF8 /* Assets.xcassets */; };
		7065309F1FFF44D700450DF8 /* AppDelegate.swift in Sources */ = {isa = PBXBuildFile; fileRef = 7065309B1FFF44D700450DF8 /* AppDelegate.swift */; };
		706530A01FFF44D700450DF8 /* ViewController.swift in Sources */ = {isa = PBXBuildFile; fileRef = 7065309C1FFF44D700450DF8 /* ViewController.swift */; };
		706530A21FFF450900450DF8 /* LaunchScreen.storyboard in Resources */ = {isa = PBXBuildFile; fileRef = 706530A11FFF450900450DF8 /* LaunchScreen.storyboard */; };
		706530A41FFF740000450DF8 /* bundlejs in Resources */ = {isa = PBXBuildFile; fileRef = 706530A31FFF740000450DF8 /* bundlejs */; };
		706530A91FFF7A8900450DF8 /* WXImageLoader.swift in Sources */ = {isa = PBXBuildFile; fileRef = 706530A81FFF7A8900450DF8 /* WXImageLoader.swift */; };
		706530AC1FFF7BA000450DF8 /* Log.swift in Sources */ = {isa = PBXBuildFile; fileRef = 706530AB1FFF7BA000450DF8 /* Log.swift */; };
		70A55EA82000F61000062910 /* WXImgLoaderImpl.m in Sources */ = {isa = PBXBuildFile; fileRef = 70A55E802000F61000062910 /* WXImgLoaderImpl.m */; };
		70A55EA92000F61000062910 /* NSArray+WXMap.m in Sources */ = {isa = PBXBuildFile; fileRef = 70A55E832000F61000062910 /* NSArray+WXMap.m */; };
		70A55EAA2000F61000062910 /* NSDictionary+WXMap.m in Sources */ = {isa = PBXBuildFile; fileRef = 70A55E852000F61000062910 /* NSDictionary+WXMap.m */; };
		70A55EAB2000F61000062910 /* NSString+WXMap.m in Sources */ = {isa = PBXBuildFile; fileRef = 70A55E872000F61000062910 /* NSString+WXMap.m */; };
		70A55EAC2000F61000062910 /* WXConvert+AMapKit.m in Sources */ = {isa = PBXBuildFile; fileRef = 70A55E892000F61000062910 /* WXConvert+AMapKit.m */; };
		70A55EAD2000F61000062910 /* WXMapCircleComponent.m in Sources */ = {isa = PBXBuildFile; fileRef = 70A55E8B2000F61000062910 /* WXMapCircleComponent.m */; };
		70A55EAE2000F61000062910 /* WXMapInfoWindow.m in Sources */ = {isa = PBXBuildFile; fileRef = 70A55E8D2000F61000062910 /* WXMapInfoWindow.m */; };
		70A55EAF2000F61000062910 /* WXMapInfoWindowComponent.m in Sources */ = {isa = PBXBuildFile; fileRef = 70A55E8F2000F61000062910 /* WXMapInfoWindowComponent.m */; };
		70A55EB02000F61000062910 /* WXMapPolygonComponent.m in Sources */ = {isa = PBXBuildFile; fileRef = 70A55E912000F61000062910 /* WXMapPolygonComponent.m */; };
		70A55EB12000F61000062910 /* WXMapPolylineComponent.m in Sources */ = {isa = PBXBuildFile; fileRef = 70A55E932000F61000062910 /* WXMapPolylineComponent.m */; };
		70A55EB22000F61000062910 /* WXMapRenderer.m in Sources */ = {isa = PBXBuildFile; fileRef = 70A55E952000F61000062910 /* WXMapRenderer.m */; };
		70A55EB32000F61000062910 /* WXMapViewComponent.m in Sources */ = {isa = PBXBuildFile; fileRef = 70A55E972000F61000062910 /* WXMapViewComponent.m */; };
		70A55EB42000F61000062910 /* WXMapViewMarkerComponent.m in Sources */ = {isa = PBXBuildFile; fileRef = 70A55E992000F61000062910 /* WXMapViewMarkerComponent.m */; };
		70A55EB52000F61000062910 /* WXMapViewModule.m in Sources */ = {isa = PBXBuildFile; fileRef = 70A55E9B2000F61000062910 /* WXMapViewModule.m */; };
		70A55EB62000F61000062910 /* WeexpluginConfig.xml in Resources */ = {isa = PBXBuildFile; fileRef = 70A55E9D2000F61000062910 /* WeexpluginConfig.xml */; };
		70A55EB72000F61000062910 /* WeexPluginConfigParser.m in Sources */ = {isa = PBXBuildFile; fileRef = 70A55EA12000F61000062910 /* WeexPluginConfigParser.m */; };
		70A55EB82000F61000062910 /* WeexPluginLoader.m in Sources */ = {isa = PBXBuildFile; fileRef = 70A55EA32000F61000062910 /* WeexPluginLoader.m */; };
		70A55EB92000F61000062910 /* WeexPluginManager.m in Sources */ = {isa = PBXBuildFile; fileRef = 70A55EA52000F61000062910 /* WeexPluginManager.m */; };
		70A55EBA2000F61000062910 /* Weexplugin-Info.plist in Resources */ = {isa = PBXBuildFile; fileRef = 70A55EA62000F61000062910 /* Weexplugin-Info.plist */; };
		70A55EBC20011ED900062910 /* LocationManager+Extension.swift in Sources */ = {isa = PBXBuildFile; fileRef = 70A55EBB20011ED900062910 /* LocationManager+Extension.swift */; };
		70A7F5AB2001C9C40098402F /* WXMapViewModule+Extension.swift in Sources */ = {isa = PBXBuildFile; fileRef = 70A7F5AA2001C9C40098402F /* WXMapViewModule+Extension.swift */; };
		70A7F5B720024BB50098402F /* WXSystemUtilModule.m in Sources */ = {isa = PBXBuildFile; fileRef = 70A7F5B620024BB50098402F /* WXSystemUtilModule.m */; };
		70A7F5B920024D8F0098402F /* WXSystemUtilModule.swift in Sources */ = {isa = PBXBuildFile; fileRef = 70A7F5B820024D8F0098402F /* WXSystemUtilModule.swift */; };
		70A7F5BB200262300098402F /* WXImagePickerModule.swift in Sources */ = {isa = PBXBuildFile; fileRef = 70A7F5BA200262300098402F /* WXImagePickerModule.swift */; };
		70A7F5BE2002624B0098402F /* WXImagePickerModule.m in Sources */ = {isa = PBXBuildFile; fileRef = 70A7F5BD2002624B0098402F /* WXImagePickerModule.m */; };
		70A7F5C1200267620098402F /* UIImage+Extension.swift in Sources */ = {isa = PBXBuildFile; fileRef = 70A7F5C0200267620098402F /* UIImage+Extension.swift */; };
		70A7F5C620031BB00098402F /* AlipaySDK.framework in Frameworks */ = {isa = PBXBuildFile; fileRef = 70A7F5C420031BAF0098402F /* AlipaySDK.framework */; };
		70A7F5C720031BB00098402F /* AlipaySDK.bundle in Resources */ = {isa = PBXBuildFile; fileRef = 70A7F5C520031BB00098402F /* AlipaySDK.bundle */; };
		70A7F5C920031BD70098402F /* CoreMotion.framework in Frameworks */ = {isa = PBXBuildFile; fileRef = 70A7F5C820031BD70098402F /* CoreMotion.framework */; };
		70A7F5CC2003204D0098402F /* WXAlipayModule.m in Sources */ = {isa = PBXBuildFile; fileRef = 70A7F5CB2003204D0098402F /* WXAlipayModule.m */; };
		70A7F5CE200322470098402F /* WXAlipayModule.swift in Sources */ = {isa = PBXBuildFile; fileRef = 70A7F5CD200322470098402F /* WXAlipayModule.swift */; };
		70A7F5D1200342130098402F /* WXWechatModule.m in Sources */ = {isa = PBXBuildFile; fileRef = 70A7F5D0200342130098402F /* WXWechatModule.m */; };
		70A7F5D32003426D0098402F /* WXWechatModule.swift in Sources */ = {isa = PBXBuildFile; fileRef = 70A7F5D22003426D0098402F /* WXWechatModule.swift */; };
		70A7F5DA200378020098402F /* AMapLocationUtil.swift in Sources */ = {isa = PBXBuildFile; fileRef = 70A7F5D9200378020098402F /* AMapLocationUtil.swift */; };
		C5D592D8904AE7E7BF6FA339 /* Pods_SwiftWeex.framework in Frameworks */ = {isa = PBXBuildFile; fileRef = 26ACA773EAF496A7745EC42E /* Pods_SwiftWeex.framework */; };
/* End PBXBuildFile section */

/* Begin PBXFileReference section */
		22C2F13DE65E2217752497A5 /* Pods-SwiftWeex.release.xcconfig */ = {isa = PBXFileReference; includeInIndex = 1; lastKnownFileType = text.xcconfig; name = "Pods-SwiftWeex.release.xcconfig"; path = "Pods/Target Support Files/Pods-SwiftWeex/Pods-SwiftWeex.release.xcconfig"; sourceTree = "<group>"; };
		26ACA773EAF496A7745EC42E /* Pods_SwiftWeex.framework */ = {isa = PBXFileReference; explicitFileType = wrapper.framework; includeInIndex = 0; path = Pods_SwiftWeex.framework; sourceTree = BUILT_PRODUCTS_DIR; };
		703B7BA31FFFD71C0015F78C /* Constant.swift */ = {isa = PBXFileReference; lastKnownFileType = sourcecode.swift; path = Constant.swift; sourceTree = "<group>"; };
		706530821FFF440D00450DF8 /* SwiftWeex.app */ = {isa = PBXFileReference; explicitFileType = wrapper.application; includeInIndex = 0; path = SwiftWeex.app; sourceTree = BUILT_PRODUCTS_DIR; };
		706530981FFF44D700450DF8 /* Assets.xcassets */ = {isa = PBXFileReference; lastKnownFileType = folder.assetcatalog; path = Assets.xcassets; sourceTree = "<group>"; };
		706530991FFF44D700450DF8 /* Info.plist */ = {isa = PBXFileReference; fileEncoding = 4; lastKnownFileType = text.plist.xml; path = Info.plist; sourceTree = "<group>"; };
		7065309B1FFF44D700450DF8 /* AppDelegate.swift */ = {isa = PBXFileReference; fileEncoding = 4; lastKnownFileType = sourcecode.swift; path = AppDelegate.swift; sourceTree = "<group>"; };
		7065309C1FFF44D700450DF8 /* ViewController.swift */ = {isa = PBXFileReference; fileEncoding = 4; lastKnownFileType = sourcecode.swift; path = ViewController.swift; sourceTree = "<group>"; };
		706530A11FFF450900450DF8 /* LaunchScreen.storyboard */ = {isa = PBXFileReference; lastKnownFileType = file.storyboard; path = LaunchScreen.storyboard; sourceTree = "<group>"; };
		706530A31FFF740000450DF8 /* bundlejs */ = {isa = PBXFileReference; lastKnownFileType = folder; path = bundlejs; sourceTree = "<group>"; };
		706530A61FFF762200450DF8 /* SwiftWeex-Bridging-Header.h */ = {isa = PBXFileReference; lastKnownFileType = sourcecode.c.h; path = "SwiftWeex-Bridging-Header.h"; sourceTree = "<group>"; };
		706530A81FFF7A8900450DF8 /* WXImageLoader.swift */ = {isa = PBXFileReference; lastKnownFileType = sourcecode.swift; path = WXImageLoader.swift; sourceTree = "<group>"; };
		706530AB1FFF7BA000450DF8 /* Log.swift */ = {isa = PBXFileReference; fileEncoding = 4; lastKnownFileType = sourcecode.swift; path = Log.swift; sourceTree = "<group>"; };
		70A55E7F2000F61000062910 /* WXImgLoaderImpl.h */ = {isa = PBXFileReference; fileEncoding = 4; lastKnownFileType = sourcecode.c.h; path = WXImgLoaderImpl.h; sourceTree = "<group>"; };
		70A55E802000F61000062910 /* WXImgLoaderImpl.m */ = {isa = PBXFileReference; fileEncoding = 4; lastKnownFileType = sourcecode.c.objc; path = WXImgLoaderImpl.m; sourceTree = "<group>"; };
		70A55E822000F61000062910 /* NSArray+WXMap.h */ = {isa = PBXFileReference; fileEncoding = 4; lastKnownFileType = sourcecode.c.h; path = "NSArray+WXMap.h"; sourceTree = "<group>"; };
		70A55E832000F61000062910 /* NSArray+WXMap.m */ = {isa = PBXFileReference; fileEncoding = 4; lastKnownFileType = sourcecode.c.objc; path = "NSArray+WXMap.m"; sourceTree = "<group>"; };
		70A55E842000F61000062910 /* NSDictionary+WXMap.h */ = {isa = PBXFileReference; fileEncoding = 4; lastKnownFileType = sourcecode.c.h; path = "NSDictionary+WXMap.h"; sourceTree = "<group>"; };
		70A55E852000F61000062910 /* NSDictionary+WXMap.m */ = {isa = PBXFileReference; fileEncoding = 4; lastKnownFileType = sourcecode.c.objc; path = "NSDictionary+WXMap.m"; sourceTree = "<group>"; };
		70A55E862000F61000062910 /* NSString+WXMap.h */ = {isa = PBXFileReference; fileEncoding = 4; lastKnownFileType = sourcecode.c.h; path = "NSString+WXMap.h"; sourceTree = "<group>"; };
		70A55E872000F61000062910 /* NSString+WXMap.m */ = {isa = PBXFileReference; fileEncoding = 4; lastKnownFileType = sourcecode.c.objc; path = "NSString+WXMap.m"; sourceTree = "<group>"; };
		70A55E882000F61000062910 /* WXConvert+AMapKit.h */ = {isa = PBXFileReference; fileEncoding = 4; lastKnownFileType = sourcecode.c.h; path = "WXConvert+AMapKit.h"; sourceTree = "<group>"; };
		70A55E892000F61000062910 /* WXConvert+AMapKit.m */ = {isa = PBXFileReference; fileEncoding = 4; lastKnownFileType = sourcecode.c.objc; path = "WXConvert+AMapKit.m"; sourceTree = "<group>"; };
		70A55E8A2000F61000062910 /* WXMapCircleComponent.h */ = {isa = PBXFileReference; fileEncoding = 4; lastKnownFileType = sourcecode.c.h; path = WXMapCircleComponent.h; sourceTree = "<group>"; };
		70A55E8B2000F61000062910 /* WXMapCircleComponent.m */ = {isa = PBXFileReference; fileEncoding = 4; lastKnownFileType = sourcecode.c.objc; path = WXMapCircleComponent.m; sourceTree = "<group>"; };
		70A55E8C2000F61000062910 /* WXMapInfoWindow.h */ = {isa = PBXFileReference; fileEncoding = 4; lastKnownFileType = sourcecode.c.h; path = WXMapInfoWindow.h; sourceTree = "<group>"; };
		70A55E8D2000F61000062910 /* WXMapInfoWindow.m */ = {isa = PBXFileReference; fileEncoding = 4; lastKnownFileType = sourcecode.c.objc; path = WXMapInfoWindow.m; sourceTree = "<group>"; };
		70A55E8E2000F61000062910 /* WXMapInfoWindowComponent.h */ = {isa = PBXFileReference; fileEncoding = 4; lastKnownFileType = sourcecode.c.h; path = WXMapInfoWindowComponent.h; sourceTree = "<group>"; };
		70A55E8F2000F61000062910 /* WXMapInfoWindowComponent.m */ = {isa = PBXFileReference; fileEncoding = 4; lastKnownFileType = sourcecode.c.objc; path = WXMapInfoWindowComponent.m; sourceTree = "<group>"; };
		70A55E902000F61000062910 /* WXMapPolygonComponent.h */ = {isa = PBXFileReference; fileEncoding = 4; lastKnownFileType = sourcecode.c.h; path = WXMapPolygonComponent.h; sourceTree = "<group>"; };
		70A55E912000F61000062910 /* WXMapPolygonComponent.m */ = {isa = PBXFileReference; fileEncoding = 4; lastKnownFileType = sourcecode.c.objc; path = WXMapPolygonComponent.m; sourceTree = "<group>"; };
		70A55E922000F61000062910 /* WXMapPolylineComponent.h */ = {isa = PBXFileReference; fileEncoding = 4; lastKnownFileType = sourcecode.c.h; path = WXMapPolylineComponent.h; sourceTree = "<group>"; };
		70A55E932000F61000062910 /* WXMapPolylineComponent.m */ = {isa = PBXFileReference; fileEncoding = 4; lastKnownFileType = sourcecode.c.objc; path = WXMapPolylineComponent.m; sourceTree = "<group>"; };
		70A55E942000F61000062910 /* WXMapRenderer.h */ = {isa = PBXFileReference; fileEncoding = 4; lastKnownFileType = sourcecode.c.h; path = WXMapRenderer.h; sourceTree = "<group>"; };
		70A55E952000F61000062910 /* WXMapRenderer.m */ = {isa = PBXFileReference; fileEncoding = 4; lastKnownFileType = sourcecode.c.objc; path = WXMapRenderer.m; sourceTree = "<group>"; };
		70A55E962000F61000062910 /* WXMapViewComponent.h */ = {isa = PBXFileReference; fileEncoding = 4; lastKnownFileType = sourcecode.c.h; path = WXMapViewComponent.h; sourceTree = "<group>"; };
		70A55E972000F61000062910 /* WXMapViewComponent.m */ = {isa = PBXFileReference; fileEncoding = 4; lastKnownFileType = sourcecode.c.objc; path = WXMapViewComponent.m; sourceTree = "<group>"; };
		70A55E982000F61000062910 /* WXMapViewMarkerComponent.h */ = {isa = PBXFileReference; fileEncoding = 4; lastKnownFileType = sourcecode.c.h; path = WXMapViewMarkerComponent.h; sourceTree = "<group>"; };
		70A55E992000F61000062910 /* WXMapViewMarkerComponent.m */ = {isa = PBXFileReference; fileEncoding = 4; lastKnownFileType = sourcecode.c.objc; path = WXMapViewMarkerComponent.m; sourceTree = "<group>"; };
		70A55E9A2000F61000062910 /* WXMapViewModule.h */ = {isa = PBXFileReference; fileEncoding = 4; lastKnownFileType = sourcecode.c.h; path = WXMapViewModule.h; sourceTree = "<group>"; };
		70A55E9B2000F61000062910 /* WXMapViewModule.m */ = {isa = PBXFileReference; fileEncoding = 4; lastKnownFileType = sourcecode.c.objc; path = WXMapViewModule.m; sourceTree = "<group>"; };
		70A55E9D2000F61000062910 /* WeexpluginConfig.xml */ = {isa = PBXFileReference; fileEncoding = 4; lastKnownFileType = text.xml; path = WeexpluginConfig.xml; sourceTree = "<group>"; };
		70A55EA02000F61000062910 /* WeexPluginConfigParser.h */ = {isa = PBXFileReference; fileEncoding = 4; lastKnownFileType = sourcecode.c.h; path = WeexPluginConfigParser.h; sourceTree = "<group>"; };
		70A55EA12000F61000062910 /* WeexPluginConfigParser.m */ = {isa = PBXFileReference; fileEncoding = 4; lastKnownFileType = sourcecode.c.objc; path = WeexPluginConfigParser.m; sourceTree = "<group>"; };
		70A55EA22000F61000062910 /* WeexPluginLoader.h */ = {isa = PBXFileReference; fileEncoding = 4; lastKnownFileType = sourcecode.c.h; path = WeexPluginLoader.h; sourceTree = "<group>"; };
		70A55EA32000F61000062910 /* WeexPluginLoader.m */ = {isa = PBXFileReference; fileEncoding = 4; lastKnownFileType = sourcecode.c.objc; path = WeexPluginLoader.m; sourceTree = "<group>"; };
		70A55EA42000F61000062910 /* WeexPluginManager.h */ = {isa = PBXFileReference; fileEncoding = 4; lastKnownFileType = sourcecode.c.h; path = WeexPluginManager.h; sourceTree = "<group>"; };
		70A55EA52000F61000062910 /* WeexPluginManager.m */ = {isa = PBXFileReference; fileEncoding = 4; lastKnownFileType = sourcecode.c.objc; path = WeexPluginManager.m; sourceTree = "<group>"; };
		70A55EA62000F61000062910 /* Weexplugin-Info.plist */ = {isa = PBXFileReference; fileEncoding = 4; lastKnownFileType = text.plist.xml; path = "Weexplugin-Info.plist"; sourceTree = "<group>"; };
		70A55EA72000F61000062910 /* Weexplugin.h */ = {isa = PBXFileReference; fileEncoding = 4; lastKnownFileType = sourcecode.c.h; path = Weexplugin.h; sourceTree = "<group>"; };
		70A55EBB20011ED900062910 /* LocationManager+Extension.swift */ = {isa = PBXFileReference; lastKnownFileType = sourcecode.swift; path = "LocationManager+Extension.swift"; sourceTree = "<group>"; };
		70A7F5AA2001C9C40098402F /* WXMapViewModule+Extension.swift */ = {isa = PBXFileReference; lastKnownFileType = sourcecode.swift; path = "WXMapViewModule+Extension.swift"; sourceTree = "<group>"; };
		70A7F5B520024BB50098402F /* WXSystemUtilModule.h */ = {isa = PBXFileReference; lastKnownFileType = sourcecode.c.h; path = WXSystemUtilModule.h; sourceTree = "<group>"; };
		70A7F5B620024BB50098402F /* WXSystemUtilModule.m */ = {isa = PBXFileReference; lastKnownFileType = sourcecode.c.objc; path = WXSystemUtilModule.m; sourceTree = "<group>"; };
		70A7F5B820024D8F0098402F /* WXSystemUtilModule.swift */ = {isa = PBXFileReference; lastKnownFileType = sourcecode.swift; path = WXSystemUtilModule.swift; sourceTree = "<group>"; };
		70A7F5BA200262300098402F /* WXImagePickerModule.swift */ = {isa = PBXFileReference; lastKnownFileType = sourcecode.swift; path = WXImagePickerModule.swift; sourceTree = "<group>"; };
		70A7F5BC2002624B0098402F /* WXImagePickerModule.h */ = {isa = PBXFileReference; lastKnownFileType = sourcecode.c.h; path = WXImagePickerModule.h; sourceTree = "<group>"; };
		70A7F5BD2002624B0098402F /* WXImagePickerModule.m */ = {isa = PBXFileReference; lastKnownFileType = sourcecode.c.objc; path = WXImagePickerModule.m; sourceTree = "<group>"; };
		70A7F5C0200267620098402F /* UIImage+Extension.swift */ = {isa = PBXFileReference; fileEncoding = 4; lastKnownFileType = sourcecode.swift; path = "UIImage+Extension.swift"; sourceTree = "<group>"; };
		70A7F5C420031BAF0098402F /* AlipaySDK.framework */ = {isa = PBXFileReference; lastKnownFileType = wrapper.framework; path = AlipaySDK.framework; sourceTree = "<group>"; };
		70A7F5C520031BB00098402F /* AlipaySDK.bundle */ = {isa = PBXFileReference; lastKnownFileType = "wrapper.plug-in"; path = AlipaySDK.bundle; sourceTree = "<group>"; };
		70A7F5C820031BD70098402F /* CoreMotion.framework */ = {isa = PBXFileReference; lastKnownFileType = wrapper.framework; name = CoreMotion.framework; path = System/Library/Frameworks/CoreMotion.framework; sourceTree = SDKROOT; };
		70A7F5CA2003204D0098402F /* WXAlipayModule.h */ = {isa = PBXFileReference; lastKnownFileType = sourcecode.c.h; path = WXAlipayModule.h; sourceTree = "<group>"; };
		70A7F5CB2003204D0098402F /* WXAlipayModule.m */ = {isa = PBXFileReference; lastKnownFileType = sourcecode.c.objc; path = WXAlipayModule.m; sourceTree = "<group>"; };
		70A7F5CD200322470098402F /* WXAlipayModule.swift */ = {isa = PBXFileReference; lastKnownFileType = sourcecode.swift; path = WXAlipayModule.swift; sourceTree = "<group>"; };
		70A7F5CF200342130098402F /* WXWechatModule.h */ = {isa = PBXFileReference; lastKnownFileType = sourcecode.c.h; path = WXWechatModule.h; sourceTree = "<group>"; };
		70A7F5D0200342130098402F /* WXWechatModule.m */ = {isa = PBXFileReference; lastKnownFileType = sourcecode.c.objc; path = WXWechatModule.m; sourceTree = "<group>"; };
		70A7F5D22003426D0098402F /* WXWechatModule.swift */ = {isa = PBXFileReference; lastKnownFileType = sourcecode.swift; path = WXWechatModule.swift; sourceTree = "<group>"; };
		70A7F5D9200378020098402F /* AMapLocationUtil.swift */ = {isa = PBXFileReference; lastKnownFileType = sourcecode.swift; path = AMapLocationUtil.swift; sourceTree = "<group>"; };
		AF3B5B655D95B700FEA1CF39 /* Pods-SwiftWeex.debug.xcconfig */ = {isa = PBXFileReference; includeInIndex = 1; lastKnownFileType = text.xcconfig; name = "Pods-SwiftWeex.debug.xcconfig"; path = "Pods/Target Support Files/Pods-SwiftWeex/Pods-SwiftWeex.debug.xcconfig"; sourceTree = "<group>"; };
/* End PBXFileReference section */

/* Begin PBXFrameworksBuildPhase section */
		7065307F1FFF440D00450DF8 /* Frameworks */ = {
			isa = PBXFrameworksBuildPhase;
			buildActionMask = 2147483647;
			files = (
				70A7F5C920031BD70098402F /* CoreMotion.framework in Frameworks */,
				C5D592D8904AE7E7BF6FA339 /* Pods_SwiftWeex.framework in Frameworks */,
				70A7F5C620031BB00098402F /* AlipaySDK.framework in Frameworks */,
			);
			runOnlyForDeploymentPostprocessing = 0;
		};
/* End PBXFrameworksBuildPhase section */

/* Begin PBXGroup section */
		706530791FFF440D00450DF8 = {
			isa = PBXGroup;
			children = (
				706530841FFF440D00450DF8 /* SwiftWeex */,
				706530831FFF440D00450DF8 /* Products */,
				F0B097F1420C6C1497D0BA17 /* Pods */,
				B4F39110660DE04757553ABF /* Frameworks */,
			);
			sourceTree = "<group>";
		};
		706530831FFF440D00450DF8 /* Products */ = {
			isa = PBXGroup;
			children = (
				706530821FFF440D00450DF8 /* SwiftWeex.app */,
			);
			name = Products;
			sourceTree = "<group>";
		};
		706530841FFF440D00450DF8 /* SwiftWeex */ = {
			isa = PBXGroup;
			children = (
				70A7F5C220031B960098402F /* Libs */,
				70A7F5BF200267520098402F /* Extension */,
				706530AA1FFF7B9400450DF8 /* Util */,
				706530971FFF44D700450DF8 /* Resources */,
				7065309A1FFF44D700450DF8 /* Source */,
				706530A51FFF75C100450DF8 /* Other */,
			);
			path = SwiftWeex;
			sourceTree = "<group>";
		};
		706530971FFF44D700450DF8 /* Resources */ = {
			isa = PBXGroup;
			children = (
				706530A31FFF740000450DF8 /* bundlejs */,
				706530981FFF44D700450DF8 /* Assets.xcassets */,
				706530991FFF44D700450DF8 /* Info.plist */,
				706530A11FFF450900450DF8 /* LaunchScreen.storyboard */,
			);
			path = Resources;
			sourceTree = "<group>";
		};
		7065309A1FFF44D700450DF8 /* Source */ = {
			isa = PBXGroup;
			children = (
				70A55E7C2000F61000062910 /* Weexplugin */,
				706530A71FFF79DA00450DF8 /* WeexComponents */,
				7065309B1FFF44D700450DF8 /* AppDelegate.swift */,
				7065309C1FFF44D700450DF8 /* ViewController.swift */,
			);
			path = Source;
			sourceTree = "<group>";
		};
		706530A51FFF75C100450DF8 /* Other */ = {
			isa = PBXGroup;
			children = (
				706530A61FFF762200450DF8 /* SwiftWeex-Bridging-Header.h */,
			);
			path = Other;
			sourceTree = "<group>";
		};
		706530A71FFF79DA00450DF8 /* WeexComponents */ = {
			isa = PBXGroup;
			children = (
				706530A81FFF7A8900450DF8 /* WXImageLoader.swift */,
				70A7F5AA2001C9C40098402F /* WXMapViewModule+Extension.swift */,
				70A7F5B520024BB50098402F /* WXSystemUtilModule.h */,
				70A7F5B620024BB50098402F /* WXSystemUtilModule.m */,
				70A7F5B820024D8F0098402F /* WXSystemUtilModule.swift */,
				70A7F5BC2002624B0098402F /* WXImagePickerModule.h */,
				70A7F5BD2002624B0098402F /* WXImagePickerModule.m */,
				70A7F5BA200262300098402F /* WXImagePickerModule.swift */,
				70A7F5CA2003204D0098402F /* WXAlipayModule.h */,
				70A7F5CB2003204D0098402F /* WXAlipayModule.m */,
				70A7F5CD200322470098402F /* WXAlipayModule.swift */,
				70A7F5CF200342130098402F /* WXWechatModule.h */,
				70A7F5D0200342130098402F /* WXWechatModule.m */,
				70A7F5D22003426D0098402F /* WXWechatModule.swift */,
			);
			path = WeexComponents;
			sourceTree = "<group>";
		};
		706530AA1FFF7B9400450DF8 /* Util */ = {
			isa = PBXGroup;
			children = (
				706530AB1FFF7BA000450DF8 /* Log.swift */,
				703B7BA31FFFD71C0015F78C /* Constant.swift */,
				70A55EBB20011ED900062910 /* LocationManager+Extension.swift */,
				70A7F5D9200378020098402F /* AMapLocationUtil.swift */,
			);
			path = Util;
			sourceTree = "<group>";
		};
		70A55E7C2000F61000062910 /* Weexplugin */ = {
			isa = PBXGroup;
			children = (
				70A55E7D2000F61000062910 /* Plugins */,
				70A55E9C2000F61000062910 /* Resources */,
				70A55E9E2000F61000062910 /* Source */,
				70A55EA62000F61000062910 /* Weexplugin-Info.plist */,
				70A55EA72000F61000062910 /* Weexplugin.h */,
			);
			name = Weexplugin;
			path = Weexplugin/Weexplugin;
			sourceTree = "<group>";
		};
		70A55E7D2000F61000062910 /* Plugins */ = {
			isa = PBXGroup;
			children = (
				70A55E7E2000F61000062910 /* weex-adapter-image */,
				70A55E812000F61000062910 /* weex-amap */,
			);
			path = Plugins;
			sourceTree = "<group>";
		};
		70A55E7E2000F61000062910 /* weex-adapter-image */ = {
			isa = PBXGroup;
			children = (
				70A55E7F2000F61000062910 /* WXImgLoaderImpl.h */,
				70A55E802000F61000062910 /* WXImgLoaderImpl.m */,
			);
			path = "weex-adapter-image";
			sourceTree = "<group>";
		};
		70A55E812000F61000062910 /* weex-amap */ = {
			isa = PBXGroup;
			children = (
				70A55E822000F61000062910 /* NSArray+WXMap.h */,
				70A55E832000F61000062910 /* NSArray+WXMap.m */,
				70A55E842000F61000062910 /* NSDictionary+WXMap.h */,
				70A55E852000F61000062910 /* NSDictionary+WXMap.m */,
				70A55E862000F61000062910 /* NSString+WXMap.h */,
				70A55E872000F61000062910 /* NSString+WXMap.m */,
				70A55E882000F61000062910 /* WXConvert+AMapKit.h */,
				70A55E892000F61000062910 /* WXConvert+AMapKit.m */,
				70A55E8A2000F61000062910 /* WXMapCircleComponent.h */,
				70A55E8B2000F61000062910 /* WXMapCircleComponent.m */,
				70A55E8C2000F61000062910 /* WXMapInfoWindow.h */,
				70A55E8D2000F61000062910 /* WXMapInfoWindow.m */,
				70A55E8E2000F61000062910 /* WXMapInfoWindowComponent.h */,
				70A55E8F2000F61000062910 /* WXMapInfoWindowComponent.m */,
				70A55E902000F61000062910 /* WXMapPolygonComponent.h */,
				70A55E912000F61000062910 /* WXMapPolygonComponent.m */,
				70A55E922000F61000062910 /* WXMapPolylineComponent.h */,
				70A55E932000F61000062910 /* WXMapPolylineComponent.m */,
				70A55E942000F61000062910 /* WXMapRenderer.h */,
				70A55E952000F61000062910 /* WXMapRenderer.m */,
				70A55E962000F61000062910 /* WXMapViewComponent.h */,
				70A55E972000F61000062910 /* WXMapViewComponent.m */,
				70A55E982000F61000062910 /* WXMapViewMarkerComponent.h */,
				70A55E992000F61000062910 /* WXMapViewMarkerComponent.m */,
				70A55E9A2000F61000062910 /* WXMapViewModule.h */,
				70A55E9B2000F61000062910 /* WXMapViewModule.m */,
			);
			path = "weex-amap";
			sourceTree = "<group>";
		};
		70A55E9C2000F61000062910 /* Resources */ = {
			isa = PBXGroup;
			children = (
				70A55E9D2000F61000062910 /* WeexpluginConfig.xml */,
			);
			path = Resources;
			sourceTree = "<group>";
		};
		70A55E9E2000F61000062910 /* Source */ = {
			isa = PBXGroup;
			children = (
				70A55E9F2000F61000062910 /* WeexPlugin */,
			);
			path = Source;
			sourceTree = "<group>";
		};
		70A55E9F2000F61000062910 /* WeexPlugin */ = {
			isa = PBXGroup;
			children = (
				70A55EA02000F61000062910 /* WeexPluginConfigParser.h */,
				70A55EA12000F61000062910 /* WeexPluginConfigParser.m */,
				70A55EA22000F61000062910 /* WeexPluginLoader.h */,
				70A55EA32000F61000062910 /* WeexPluginLoader.m */,
				70A55EA42000F61000062910 /* WeexPluginManager.h */,
				70A55EA52000F61000062910 /* WeexPluginManager.m */,
			);
			path = WeexPlugin;
			sourceTree = "<group>";
		};
		70A7F5BF200267520098402F /* Extension */ = {
			isa = PBXGroup;
			children = (
				70A7F5C0200267620098402F /* UIImage+Extension.swift */,
			);
			path = Extension;
			sourceTree = "<group>";
		};
		70A7F5C220031B960098402F /* Libs */ = {
			isa = PBXGroup;
			children = (
				70A7F5C320031BA40098402F /* Alipay */,
			);
			path = Libs;
			sourceTree = "<group>";
		};
		70A7F5C320031BA40098402F /* Alipay */ = {
			isa = PBXGroup;
			children = (
				70A7F5C520031BB00098402F /* AlipaySDK.bundle */,
				70A7F5C420031BAF0098402F /* AlipaySDK.framework */,
			);
			path = Alipay;
			sourceTree = "<group>";
		};
		B4F39110660DE04757553ABF /* Frameworks */ = {
			isa = PBXGroup;
			children = (
				70A7F5C820031BD70098402F /* CoreMotion.framework */,
				26ACA773EAF496A7745EC42E /* Pods_SwiftWeex.framework */,
			);
			name = Frameworks;
			sourceTree = "<group>";
		};
		F0B097F1420C6C1497D0BA17 /* Pods */ = {
			isa = PBXGroup;
			children = (
				AF3B5B655D95B700FEA1CF39 /* Pods-SwiftWeex.debug.xcconfig */,
				22C2F13DE65E2217752497A5 /* Pods-SwiftWeex.release.xcconfig */,
			);
			name = Pods;
			sourceTree = "<group>";
		};
/* End PBXGroup section */

/* Begin PBXNativeTarget section */
		706530811FFF440D00450DF8 /* SwiftWeex */ = {
			isa = PBXNativeTarget;
			buildConfigurationList = 706530941FFF440D00450DF8 /* Build configuration list for PBXNativeTarget "SwiftWeex" */;
			buildPhases = (
				8CFA0BC7CCFEA57175830883 /* [CP] Check Pods Manifest.lock */,
				7065307E1FFF440D00450DF8 /* Sources */,
				7065307F1FFF440D00450DF8 /* Frameworks */,
				706530801FFF440D00450DF8 /* Resources */,
				3CD883F8C6A235F4F95B1912 /* [CP] Embed Pods Frameworks */,
				0BB9DD6E8B54BD774476CE98 /* [CP] Copy Pods Resources */,
			);
			buildRules = (
			);
			dependencies = (
			);
			name = SwiftWeex;
			productName = SwiftWeex;
			productReference = 706530821FFF440D00450DF8 /* SwiftWeex.app */;
			productType = "com.apple.product-type.application";
		};
/* End PBXNativeTarget section */

/* Begin PBXProject section */
		7065307A1FFF440D00450DF8 /* Project object */ = {
			isa = PBXProject;
			attributes = {
				LastSwiftUpdateCheck = 0920;
				LastUpgradeCheck = 0920;
				ORGANIZATIONNAME = delite;
				TargetAttributes = {
					706530811FFF440D00450DF8 = {
						CreatedOnToolsVersion = 9.2;
						ProvisioningStyle = Automatic;
						SystemCapabilities = {
							com.apple.BackgroundModes = {
								enabled = 1;
							};
						};
					};
				};
			};
			buildConfigurationList = 7065307D1FFF440D00450DF8 /* Build configuration list for PBXProject "SwiftWeex" */;
			compatibilityVersion = "Xcode 8.0";
			developmentRegion = en;
			hasScannedForEncodings = 0;
			knownRegions = (
				en,
				Base,
			);
			mainGroup = 706530791FFF440D00450DF8;
			productRefGroup = 706530831FFF440D00450DF8 /* Products */;
			projectDirPath = "";
			projectRoot = "";
			targets = (
				706530811FFF440D00450DF8 /* SwiftWeex */,
			);
		};
/* End PBXProject section */

/* Begin PBXResourcesBuildPhase section */
		706530801FFF440D00450DF8 /* Resources */ = {
			isa = PBXResourcesBuildPhase;
			buildActionMask = 2147483647;
			files = (
				70A7F5C720031BB00098402F /* AlipaySDK.bundle in Resources */,
				7065309D1FFF44D700450DF8 /* Assets.xcassets in Resources */,
				70A55EB62000F61000062910 /* WeexpluginConfig.xml in Resources */,
				706530A21FFF450900450DF8 /* LaunchScreen.storyboard in Resources */,
				70A55EBA2000F61000062910 /* Weexplugin-Info.plist in Resources */,
				706530A41FFF740000450DF8 /* bundlejs in Resources */,
			);
			runOnlyForDeploymentPostprocessing = 0;
		};
/* End PBXResourcesBuildPhase section */

/* Begin PBXShellScriptBuildPhase section */
		0BB9DD6E8B54BD774476CE98 /* [CP] Copy Pods Resources */ = {
			isa = PBXShellScriptBuildPhase;
			buildActionMask = 2147483647;
			files = (
			);
			inputPaths = (
				"${SRCROOT}/Pods/Target Support Files/Pods-SwiftWeex/Pods-SwiftWeex-resources.sh",
				"${PODS_ROOT}/AMap3DMap-NO-IDFA/MAMapKit.framework/AMap.bundle",
				"${PODS_ROOT}/AMapNavi-NO-IDFA/AMapNaviKit.framework/AMapNavi.bundle",
			);
			name = "[CP] Copy Pods Resources";
			outputPaths = (
				"${TARGET_BUILD_DIR}/${UNLOCALIZED_RESOURCES_FOLDER_PATH}/AMap.bundle",
				"${TARGET_BUILD_DIR}/${UNLOCALIZED_RESOURCES_FOLDER_PATH}/AMapNavi.bundle",
			);
			runOnlyForDeploymentPostprocessing = 0;
			shellPath = /bin/sh;
			shellScript = "\"${SRCROOT}/Pods/Target Support Files/Pods-SwiftWeex/Pods-SwiftWeex-resources.sh\"\n";
			showEnvVarsInLog = 0;
		};
		3CD883F8C6A235F4F95B1912 /* [CP] Embed Pods Frameworks */ = {
			isa = PBXShellScriptBuildPhase;
			buildActionMask = 2147483647;
			files = (
			);
			inputPaths = (
				"${SRCROOT}/Pods/Target Support Files/Pods-SwiftWeex/Pods-SwiftWeex-frameworks.sh",
				"${BUILT_PRODUCTS_DIR}/SDWebImage/SDWebImage.framework",
				"${BUILT_PRODUCTS_DIR}/SocketRocket/SocketRocket.framework",
				"${BUILT_PRODUCTS_DIR}/WeexSDK/WeexSDK.framework",
			);
			name = "[CP] Embed Pods Frameworks";
			outputPaths = (
				"${TARGET_BUILD_DIR}/${FRAMEWORKS_FOLDER_PATH}/SDWebImage.framework",
				"${TARGET_BUILD_DIR}/${FRAMEWORKS_FOLDER_PATH}/SocketRocket.framework",
				"${TARGET_BUILD_DIR}/${FRAMEWORKS_FOLDER_PATH}/WeexSDK.framework",
			);
			runOnlyForDeploymentPostprocessing = 0;
			shellPath = /bin/sh;
			shellScript = "\"${SRCROOT}/Pods/Target Support Files/Pods-SwiftWeex/Pods-SwiftWeex-frameworks.sh\"\n";
			showEnvVarsInLog = 0;
		};
		8CFA0BC7CCFEA57175830883 /* [CP] Check Pods Manifest.lock */ = {
			isa = PBXShellScriptBuildPhase;
			buildActionMask = 2147483647;
			files = (
			);
			inputPaths = (
				"${PODS_PODFILE_DIR_PATH}/Podfile.lock",
				"${PODS_ROOT}/Manifest.lock",
			);
			name = "[CP] Check Pods Manifest.lock";
			outputPaths = (
				"$(DERIVED_FILE_DIR)/Pods-SwiftWeex-checkManifestLockResult.txt",
			);
			runOnlyForDeploymentPostprocessing = 0;
			shellPath = /bin/sh;
			shellScript = "diff \"${PODS_PODFILE_DIR_PATH}/Podfile.lock\" \"${PODS_ROOT}/Manifest.lock\" > /dev/null\nif [ $? != 0 ] ; then\n    # print error to STDERR\n    echo \"error: The sandbox is not in sync with the Podfile.lock. Run 'pod install' or update your CocoaPods installation.\" >&2\n    exit 1\nfi\n# This output is used by Xcode 'outputs' to avoid re-running this script phase.\necho \"SUCCESS\" > \"${SCRIPT_OUTPUT_FILE_0}\"\n";
			showEnvVarsInLog = 0;
		};
/* End PBXShellScriptBuildPhase section */

/* Begin PBXSourcesBuildPhase section */
		7065307E1FFF440D00450DF8 /* Sources */ = {
			isa = PBXSourcesBuildPhase;
			buildActionMask = 2147483647;
			files = (
				70A55EBC20011ED900062910 /* LocationManager+Extension.swift in Sources */,
				70A55EAC2000F61000062910 /* WXConvert+AMapKit.m in Sources */,
				70A55EB32000F61000062910 /* WXMapViewComponent.m in Sources */,
				70A55EB72000F61000062910 /* WeexPluginConfigParser.m in Sources */,
				70A7F5D32003426D0098402F /* WXWechatModule.swift in Sources */,
				706530A01FFF44D700450DF8 /* ViewController.swift in Sources */,
				70A55EB02000F61000062910 /* WXMapPolygonComponent.m in Sources */,
				70A55EB92000F61000062910 /* WeexPluginManager.m in Sources */,
				7065309F1FFF44D700450DF8 /* AppDelegate.swift in Sources */,
				70A55EAD2000F61000062910 /* WXMapCircleComponent.m in Sources */,
				70A7F5B920024D8F0098402F /* WXSystemUtilModule.swift in Sources */,
				70A7F5B720024BB50098402F /* WXSystemUtilModule.m in Sources */,
				703B7BA41FFFD71C0015F78C /* Constant.swift in Sources */,
				70A55EAF2000F61000062910 /* WXMapInfoWindowComponent.m in Sources */,
				70A55EAE2000F61000062910 /* WXMapInfoWindow.m in Sources */,
				70A7F5DA200378020098402F /* AMapLocationUtil.swift in Sources */,
				70A55EA82000F61000062910 /* WXImgLoaderImpl.m in Sources */,
				706530AC1FFF7BA000450DF8 /* Log.swift in Sources */,
				70A55EAB2000F61000062910 /* NSString+WXMap.m in Sources */,
				70A55EA92000F61000062910 /* NSArray+WXMap.m in Sources */,
				70A55EB82000F61000062910 /* WeexPluginLoader.m in Sources */,
				70A7F5BB200262300098402F /* WXImagePickerModule.swift in Sources */,
				70A7F5CC2003204D0098402F /* WXAlipayModule.m in Sources */,
				70A55EAA2000F61000062910 /* NSDictionary+WXMap.m in Sources */,
				70A55EB12000F61000062910 /* WXMapPolylineComponent.m in Sources */,
				70A7F5C1200267620098402F /* UIImage+Extension.swift in Sources */,
				70A7F5AB2001C9C40098402F /* WXMapViewModule+Extension.swift in Sources */,
				70A55EB22000F61000062910 /* WXMapRenderer.m in Sources */,
				70A55EB42000F61000062910 /* WXMapViewMarkerComponent.m in Sources */,
				70A55EB52000F61000062910 /* WXMapViewModule.m in Sources */,
				70A7F5D1200342130098402F /* WXWechatModule.m in Sources */,
				70A7F5BE2002624B0098402F /* WXImagePickerModule.m in Sources */,
				706530A91FFF7A8900450DF8 /* WXImageLoader.swift in Sources */,
				70A7F5CE200322470098402F /* WXAlipayModule.swift in Sources */,
			);
			runOnlyForDeploymentPostprocessing = 0;
		};
/* End PBXSourcesBuildPhase section */

/* Begin XCBuildConfiguration section */
		706530921FFF440D00450DF8 /* Debug */ = {
			isa = XCBuildConfiguration;
			buildSettings = {
				ALWAYS_SEARCH_USER_PATHS = NO;
				CLANG_ANALYZER_NONNULL = YES;
				CLANG_ANALYZER_NUMBER_OBJECT_CONVERSION = YES_AGGRESSIVE;
				CLANG_CXX_LANGUAGE_STANDARD = "gnu++14";
				CLANG_CXX_LIBRARY = "libc++";
				CLANG_ENABLE_MODULES = YES;
				CLANG_ENABLE_OBJC_ARC = YES;
				CLANG_WARN_BLOCK_CAPTURE_AUTORELEASING = YES;
				CLANG_WARN_BOOL_CONVERSION = YES;
				CLANG_WARN_COMMA = YES;
				CLANG_WARN_CONSTANT_CONVERSION = YES;
				CLANG_WARN_DIRECT_OBJC_ISA_USAGE = YES_ERROR;
				CLANG_WARN_DOCUMENTATION_COMMENTS = YES;
				CLANG_WARN_EMPTY_BODY = YES;
				CLANG_WARN_ENUM_CONVERSION = YES;
				CLANG_WARN_INFINITE_RECURSION = YES;
				CLANG_WARN_INT_CONVERSION = YES;
				CLANG_WARN_NON_LITERAL_NULL_CONVERSION = YES;
				CLANG_WARN_OBJC_LITERAL_CONVERSION = YES;
				CLANG_WARN_OBJC_ROOT_CLASS = YES_ERROR;
				CLANG_WARN_RANGE_LOOP_ANALYSIS = YES;
				CLANG_WARN_STRICT_PROTOTYPES = YES;
				CLANG_WARN_SUSPICIOUS_MOVE = YES;
				CLANG_WARN_UNGUARDED_AVAILABILITY = YES_AGGRESSIVE;
				CLANG_WARN_UNREACHABLE_CODE = YES;
				CLANG_WARN__DUPLICATE_METHOD_MATCH = YES;
				CODE_SIGN_IDENTITY = "iPhone Developer";
				COPY_PHASE_STRIP = NO;
				DEBUG_INFORMATION_FORMAT = dwarf;
				ENABLE_STRICT_OBJC_MSGSEND = YES;
				ENABLE_TESTABILITY = YES;
				GCC_C_LANGUAGE_STANDARD = gnu11;
				GCC_DYNAMIC_NO_PIC = NO;
				GCC_NO_COMMON_BLOCKS = YES;
				GCC_OPTIMIZATION_LEVEL = 0;
				GCC_PREPROCESSOR_DEFINITIONS = (
					"DEBUG=1",
					"$(inherited)",
				);
				GCC_WARN_64_TO_32_BIT_CONVERSION = YES;
				GCC_WARN_ABOUT_RETURN_TYPE = YES_ERROR;
				GCC_WARN_UNDECLARED_SELECTOR = YES;
				GCC_WARN_UNINITIALIZED_AUTOS = YES_AGGRESSIVE;
				GCC_WARN_UNUSED_FUNCTION = YES;
				GCC_WARN_UNUSED_VARIABLE = YES;
				IPHONEOS_DEPLOYMENT_TARGET = 9.0;
				MTL_ENABLE_DEBUG_INFO = YES;
				ONLY_ACTIVE_ARCH = YES;
				SDKROOT = iphoneos;
				SWIFT_ACTIVE_COMPILATION_CONDITIONS = DEBUG;
				SWIFT_OPTIMIZATION_LEVEL = "-Onone";
			};
			name = Debug;
		};
		706530931FFF440D00450DF8 /* Release */ = {
			isa = XCBuildConfiguration;
			buildSettings = {
				ALWAYS_SEARCH_USER_PATHS = NO;
				CLANG_ANALYZER_NONNULL = YES;
				CLANG_ANALYZER_NUMBER_OBJECT_CONVERSION = YES_AGGRESSIVE;
				CLANG_CXX_LANGUAGE_STANDARD = "gnu++14";
				CLANG_CXX_LIBRARY = "libc++";
				CLANG_ENABLE_MODULES = YES;
				CLANG_ENABLE_OBJC_ARC = YES;
				CLANG_WARN_BLOCK_CAPTURE_AUTORELEASING = YES;
				CLANG_WARN_BOOL_CONVERSION = YES;
				CLANG_WARN_COMMA = YES;
				CLANG_WARN_CONSTANT_CONVERSION = YES;
				CLANG_WARN_DIRECT_OBJC_ISA_USAGE = YES_ERROR;
				CLANG_WARN_DOCUMENTATION_COMMENTS = YES;
				CLANG_WARN_EMPTY_BODY = YES;
				CLANG_WARN_ENUM_CONVERSION = YES;
				CLANG_WARN_INFINITE_RECURSION = YES;
				CLANG_WARN_INT_CONVERSION = YES;
				CLANG_WARN_NON_LITERAL_NULL_CONVERSION = YES;
				CLANG_WARN_OBJC_LITERAL_CONVERSION = YES;
				CLANG_WARN_OBJC_ROOT_CLASS = YES_ERROR;
				CLANG_WARN_RANGE_LOOP_ANALYSIS = YES;
				CLANG_WARN_STRICT_PROTOTYPES = YES;
				CLANG_WARN_SUSPICIOUS_MOVE = YES;
				CLANG_WARN_UNGUARDED_AVAILABILITY = YES_AGGRESSIVE;
				CLANG_WARN_UNREACHABLE_CODE = YES;
				CLANG_WARN__DUPLICATE_METHOD_MATCH = YES;
				CODE_SIGN_IDENTITY = "iPhone Developer";
				COPY_PHASE_STRIP = NO;
				DEBUG_INFORMATION_FORMAT = "dwarf-with-dsym";
				ENABLE_NS_ASSERTIONS = NO;
				ENABLE_STRICT_OBJC_MSGSEND = YES;
				GCC_C_LANGUAGE_STANDARD = gnu11;
				GCC_NO_COMMON_BLOCKS = YES;
				GCC_WARN_64_TO_32_BIT_CONVERSION = YES;
				GCC_WARN_ABOUT_RETURN_TYPE = YES_ERROR;
				GCC_WARN_UNDECLARED_SELECTOR = YES;
				GCC_WARN_UNINITIALIZED_AUTOS = YES_AGGRESSIVE;
				GCC_WARN_UNUSED_FUNCTION = YES;
				GCC_WARN_UNUSED_VARIABLE = YES;
				IPHONEOS_DEPLOYMENT_TARGET = 9.0;
				MTL_ENABLE_DEBUG_INFO = NO;
				SDKROOT = iphoneos;
				SWIFT_OPTIMIZATION_LEVEL = "-Owholemodule";
				VALIDATE_PRODUCT = YES;
			};
			name = Release;
		};
		706530951FFF440D00450DF8 /* Debug */ = {
			isa = XCBuildConfiguration;
			baseConfigurationReference = AF3B5B655D95B700FEA1CF39 /* Pods-SwiftWeex.debug.xcconfig */;
			buildSettings = {
				ASSETCATALOG_COMPILER_APPICON_NAME = AppIcon;
				CODE_SIGN_STYLE = Automatic;
				FRAMEWORK_SEARCH_PATHS = (
					"$(inherited)",
					"$(PROJECT_DIR)/SwiftWeex/Libs/Alipay",
				);
				INFOPLIST_FILE = "$(SRCROOT)/SwiftWeex/Resources/Info.plist";
				LD_RUNPATH_SEARCH_PATHS = "$(inherited) @executable_path/Frameworks";
				OTHER_SWIFT_FLAGS = "$(inherited) -D DEBUG_LOG";
				PRODUCT_BUNDLE_IDENTIFIER = ltd.delite.SwiftWeex;
				PRODUCT_NAME = "$(TARGET_NAME)";
				SWIFT_OBJC_BRIDGING_HEADER = "${PROJECT_DIR}/SwiftWeex/Other/SwiftWeex-Bridging-Header.h";
				SWIFT_VERSION = 4.0;
				TARGETED_DEVICE_FAMILY = "1,2";
			};
			name = Debug;
		};
		706530961FFF440D00450DF8 /* Release */ = {
			isa = XCBuildConfiguration;
			baseConfigurationReference = 22C2F13DE65E2217752497A5 /* Pods-SwiftWeex.release.xcconfig */;
			buildSettings = {
				ASSETCATALOG_COMPILER_APPICON_NAME = AppIcon;
				CODE_SIGN_STYLE = Automatic;
				FRAMEWORK_SEARCH_PATHS = (
					"$(inherited)",
					"$(PROJECT_DIR)/SwiftWeex/Libs/Alipay",
				);
				INFOPLIST_FILE = "$(SRCROOT)/SwiftWeex/Resources/Info.plist";
				LD_RUNPATH_SEARCH_PATHS = "$(inherited) @executable_path/Frameworks";
				PRODUCT_BUNDLE_IDENTIFIER = ltd.delite.SwiftWeex;
				PRODUCT_NAME = "$(TARGET_NAME)";
				SWIFT_OBJC_BRIDGING_HEADER = "${PROJECT_DIR}/SwiftWeex/Other/SwiftWeex-Bridging-Header.h";
				SWIFT_VERSION = 4.0;
				TARGETED_DEVICE_FAMILY = "1,2";
			};
			name = Release;
		};
/* End XCBuildConfiguration section */

/* Begin XCConfigurationList section */
		7065307D1FFF440D00450DF8 /* Build configuration list for PBXProject "SwiftWeex" */ = {
			isa = XCConfigurationList;
			buildConfigurations = (
				706530921FFF440D00450DF8 /* Debug */,
				706530931FFF440D00450DF8 /* Release */,
			);
			defaultConfigurationIsVisible = 0;
			defaultConfigurationName = Release;
		};
		706530941FFF440D00450DF8 /* Build configuration list for PBXNativeTarget "SwiftWeex" */ = {
			isa = XCConfigurationList;
			buildConfigurations = (
				706530951FFF440D00450DF8 /* Debug */,
				706530961FFF440D00450DF8 /* Release */,
			);
			defaultConfigurationIsVisible = 0;
			defaultConfigurationName = Release;
		};
/* End XCConfigurationList section */
	};
	rootObject = 7065307A1FFF440D00450DF8 /* Project object */;
}
